
Microsoft Visual Studio Solution File, Format Version 12.00
# Visual Studio Version 17
VisualStudioVersion = 17.8.34330.188
MinimumVisualStudioVersion = 10.0.40219.1
Project("{9A19103F-16F7-4668-BE54-9A1E7A4F7556}") = "APIAuthenticationAuthorization", "APIAuthenticationAuthorization.csproj", "{7162FF18-9ED0-4CBD-8A4B-BB2349621579}"
EndProject
Global
	GlobalSection(SolutionConfigurationPlatforms) = preSolution
		Debug|Any CPU = Debug|Any CPU
		Release|Any CPU = Release|Any CPU
	EndGlobalSection
	GlobalSection(ProjectConfigurationPlatforms) = postSolution
		{7162FF18-9ED0-4CBD-8A4B-BB2349621579}.Debug|Any CPU.ActiveCfg = Debug|Any CPU
		{7162FF18-9ED0-4CBD-8A4B-BB2349621579}.Debug|Any CPU.Build.0 = Debug|Any CPU
		{7162FF18-9ED0-4CBD-8A4B-BB2349621579}.Release|Any CPU.ActiveCfg = Release|Any CPU
		{7162FF18-9ED0-4CBD-8A4B-BB2349621579}.Release|Any CPU.Build.0 = Release|Any CPU
	EndGlobalSection
	GlobalSection(SolutionProperties) = preSolution
		HideSolutionNode = FALSE
	EndGlobalSection
	GlobalSection(ExtensibilityGlobals) = postSolution
		SolutionGuid = {4DCA379B-DA0C-4247-9954-3CBE740A72AD}
	EndGlobalSection
EndGlobal
